
Microsoft Visual Studio Solution File, Format Version 12.00
# Visual Studio Version 17
VisualStudioVersion = 17.2.32519.379
MinimumVisualStudioVersion = 10.0.40219.1
Project("{FAE04EC0-301F-11D3-BF4B-00C04F79EFBC}") = "PrismSample", "PrismSample\PrismSample\PrismSample.csproj", "{249031D4-F5C3-40FB-8F27-2280934AB734}"
EndProject
Project("{FAE04EC0-301F-11D3-BF4B-00C04F79EFBC}") = "PrismSample.Android", "PrismSample\PrismSample.Android\PrismSample.Android.csproj", "{9DEF7EED-2548-4C3D-AFB9-FBEBCE330F0B}"
EndProject
Project("{FAE04EC0-301F-11D3-BF4B-00C04F79EFBC}") = "PrismSample.iOS", "PrismSample\PrismSample.iOS\PrismSample.iOS.csproj", "{84C3AAEE-7D89-4F84-B897-D42DF2A9B88F}"
EndProject
Global
	GlobalSection(SolutionConfigurationPlatforms) = preSolution
		Ad-Hoc|Any CPU = Ad-Hoc|Any CPU
		Ad-Hoc|iPhone = Ad-Hoc|iPhone
		Ad-Hoc|iPhoneSimulator = Ad-Hoc|iPhoneSimulator
		AppStore|Any CPU = AppStore|Any CPU
		AppStore|iPhone = AppStore|iPhone
		AppStore|iPhoneSimulator = AppStore|iPhoneSimulator
		Debug|Any CPU = Debug|Any CPU
		Debug|iPhone = Debug|iPhone
		Debug|iPhoneSimulator = Debug|iPhoneSimulator
		Release|Any CPU = Release|Any CPU
		Release|iPhone = Release|iPhone
		Release|iPhoneSimulator = Release|iPhoneSimulator
	EndGlobalSection
	GlobalSection(ProjectConfigurationPlatforms) = postSolution
		{249031D4-F5C3-40FB-8F27-2280934AB734}.Ad-Hoc|Any CPU.ActiveCfg = Debug|Any CPU
		{249031D4-F5C3-40FB-8F27-2280934AB734}.Ad-Hoc|Any CPU.Build.0 = Debug|Any CPU
		{249031D4-F5C3-40FB-8F27-2280934AB734}.Ad-Hoc|iPhone.ActiveCfg = Debug|Any CPU
		{249031D4-F5C3-40FB-8F27-2280934AB734}.Ad-Hoc|iPhone.Build.0 = Debug|Any CPU
		{249031D4-F5C3-40FB-8F27-2280934AB734}.Ad-Hoc|iPhoneSimulator.ActiveCfg = Debug|Any CPU
		{249031D4-F5C3-40FB-8F27-2280934AB734}.Ad-Hoc|iPhoneSimulator.Build.0 = Debug|Any CPU
		{249031D4-F5C3-40FB-8F27-2280934AB734}.AppStore|Any CPU.ActiveCfg = Debug|Any CPU
		{249031D4-F5C3-40FB-8F27-2280934AB734}.AppStore|Any CPU.Build.0 = Debug|Any CPU
		{249031D4-F5C3-40FB-8F27-2280934AB734}.AppStore|iPhone.ActiveCfg = Debug|Any CPU
		{249031D4-F5C3-40FB-8F27-2280934AB734}.AppStore|iPhone.Build.0 = Debug|Any CPU
		{249031D4-F5C3-40FB-8F27-2280934AB734}.AppStore|iPhoneSimulator.ActiveCfg = Debug|Any CPU
		{249031D4-F5C3-40FB-8F27-2280934AB734}.AppStore|iPhoneSimulator.Build.0 = Debug|Any CPU
		{249031D4-F5C3-40FB-8F27-2280934AB734}.Debug|Any CPU.ActiveCfg = Debug|Any CPU
		{249031D4-F5C3-40FB-8F27-2280934AB734}.Debug|Any CPU.Build.0 = Debug|Any CPU
		{249031D4-F5C3-40FB-8F27-2280934AB734}.Debug|iPhone.ActiveCfg = Debug|Any CPU
		{249031D4-F5C3-40FB-8F27-2280934AB734}.Debug|iPhone.Build.0 = Debug|Any CPU
		{249031D4-F5C3-40FB-8F27-2280934AB734}.Debug|iPhoneSimulator.ActiveCfg = Debug|Any CPU
		{249031D4-F5C3-40FB-8F27-2280934AB734}.Debug|iPhoneSimulator.Build.0 = Debug|Any CPU
		{249031D4-F5C3-40FB-8F27-2280934AB734}.Release|Any CPU.ActiveCfg = Release|Any CPU
		{249031D4-F5C3-40FB-8F27-2280934AB734}.Release|Any CPU.Build.0 = Release|Any CPU
		{249031D4-F5C3-40FB-8F27-2280934AB734}.Release|iPhone.ActiveCfg = Release|Any CPU
		{249031D4-F5C3-40FB-8F27-2280934AB734}.Release|iPhone.Build.0 = Release|Any CPU
		{249031D4-F5C3-40FB-8F27-2280934AB734}.Release|iPhoneSimulator.ActiveCfg = Release|Any CPU
		{249031D4-F5C3-40FB-8F27-2280934AB734}.Release|iPhoneSimulator.Build.0 = Release|Any CPU
		{9DEF7EED-2548-4C3D-AFB9-FBEBCE330F0B}.Ad-Hoc|Any CPU.ActiveCfg = Debug|Any CPU
		{9DEF7EED-2548-4C3D-AFB9-FBEBCE330F0B}.Ad-Hoc|Any CPU.Build.0 = Debug|Any CPU
		{9DEF7EED-2548-4C3D-AFB9-FBEBCE330F0B}.Ad-Hoc|Any CPU.Deploy.0 = Debug|Any CPU
		{9DEF7EED-2548-4C3D-AFB9-FBEBCE330F0B}.Ad-Hoc|iPhone.ActiveCfg = Debug|Any CPU
		{9DEF7EED-2548-4C3D-AFB9-FBEBCE330F0B}.Ad-Hoc|iPhone.Build.0 = Debug|Any CPU
		{9DEF7EED-2548-4C3D-AFB9-FBEBCE330F0B}.Ad-Hoc|iPhone.Deploy.0 = Debug|Any CPU
		{9DEF7EED-2548-4C3D-AFB9-FBEBCE330F0B}.Ad-Hoc|iPhoneSimulator.ActiveCfg = Debug|Any CPU
		{9DEF7EED-2548-4C3D-AFB9-FBEBCE330F0B}.Ad-Hoc|iPhoneSimulator.Build.0 = Debug|Any CPU
		{9DEF7EED-2548-4C3D-AFB9-FBEBCE330F0B}.Ad-Hoc|iPhoneSimulator.Deploy.0 = Debug|Any CPU
		{9DEF7EED-2548-4C3D-AFB9-FBEBCE330F0B}.AppStore|Any CPU.ActiveCfg = Debug|Any CPU
		{9DEF7EED-2548-4C3D-AFB9-FBEBCE330F0B}.AppStore|Any CPU.Build.0 = Debug|Any CPU
		{9DEF7EED-2548-4C3D-AFB9-FBEBCE330F0B}.AppStore|Any CPU.Deploy.0 = Debug|Any CPU
		{9DEF7EED-2548-4C3D-AFB9-FBEBCE330F0B}.AppStore|iPhone.ActiveCfg = Debug|Any CPU
		{9DEF7EED-2548-4C3D-AFB9-FBEBCE330F0B}.AppStore|iPhone.Build.0 = Debug|Any CPU
		{9DEF7EED-2548-4C3D-AFB9-FBEBCE330F0B}.AppStore|iPhone.Deploy.0 = Debug|Any CPU
		{9DEF7EED-2548-4C3D-AFB9-FBEBCE330F0B}.AppStore|iPhoneSimulator.ActiveCfg = Debug|Any CPU
		{9DEF7EED-2548-4C3D-AFB9-FBEBCE330F0B}.AppStore|iPhoneSimulator.Build.0 = Debug|Any CPU
		{9DEF7EED-2548-4C3D-AFB9-FBEBCE330F0B}.AppStore|iPhoneSimulator.Deploy.0 = Debug|Any CPU
		{9DEF7EED-2548-4C3D-AFB9-FBEBCE330F0B}.Debug|Any CPU.ActiveCfg = Debug|Any CPU
		{9DEF7EED-2548-4C3D-AFB9-FBEBCE330F0B}.Debug|Any CPU.Build.0 = Debug|Any CPU
		{9DEF7EED-2548-4C3D-AFB9-FBEBCE330F0B}.Debug|Any CPU.Deploy.0 = Debug|Any CPU
		{9DEF7EED-2548-4C3D-AFB9-FBEBCE330F0B}.Debug|iPhone.ActiveCfg = Debug|Any CPU
		{9DEF7EED-2548-4C3D-AFB9-FBEBCE330F0B}.Debug|iPhone.Build.0 = Debug|Any CPU
		{9DEF7EED-2548-4C3D-AFB9-FBEBCE330F0B}.Debug|iPhone.Deploy.0 = Debug|Any CPU
		{9DEF7EED-2548-4C3D-AFB9-FBEBCE330F0B}.Debug|iPhoneSimulator.ActiveCfg = Debug|Any CPU
		{9DEF7EED-2548-4C3D-AFB9-FBEBCE330F0B}.Debug|iPhoneSimulator.Build.0 = Debug|Any CPU
		{9DEF7EED-2548-4C3D-AFB9-FBEBCE330F0B}.Debug|iPhoneSimulator.Deploy.0 = Debug|Any CPU
		{9DEF7EED-2548-4C3D-AFB9-FBEBCE330F0B}.Release|Any CPU.ActiveCfg = Release|Any CPU
		{9DEF7EED-2548-4C3D-AFB9-FBEBCE330F0B}.Release|Any CPU.Build.0 = Release|Any CPU
		{9DEF7EED-2548-4C3D-AFB9-FBEBCE330F0B}.Release|Any CPU.Deploy.0 = Release|Any CPU
		{9DEF7EED-2548-4C3D-AFB9-FBEBCE330F0B}.Release|iPhone.ActiveCfg = Release|Any CPU
		{9DEF7EED-2548-4C3D-AFB9-FBEBCE330F0B}.Release|iPhone.Build.0 = Release|Any CPU
		{9DEF7EED-2548-4C3D-AFB9-FBEBCE330F0B}.Release|iPhone.Deploy.0 = Release|Any CPU
		{9DEF7EED-2548-4C3D-AFB9-FBEBCE330F0B}.Release|iPhoneSimulator.ActiveCfg = Release|Any CPU
		{9DEF7EED-2548-4C3D-AFB9-FBEBCE330F0B}.Release|iPhoneSimulator.Build.0 = Release|Any CPU
		{9DEF7EED-2548-4C3D-AFB9-FBEBCE330F0B}.Release|iPhoneSimulator.Deploy.0 = Release|Any CPU
		{84C3AAEE-7D89-4F84-B897-D42DF2A9B88F}.Ad-Hoc|Any CPU.ActiveCfg = Ad-Hoc|iPhoneSimulator
		{84C3AAEE-7D89-4F84-B897-D42DF2A9B88F}.Ad-Hoc|Any CPU.Build.0 = Ad-Hoc|iPhoneSimulator
		{84C3AAEE-7D89-4F84-B897-D42DF2A9B88F}.Ad-Hoc|iPhone.ActiveCfg = Ad-Hoc|iPhone
		{84C3AAEE-7D89-4F84-B897-D42DF2A9B88F}.Ad-Hoc|iPhone.Build.0 = Ad-Hoc|iPhone
		{84C3AAEE-7D89-4F84-B897-D42DF2A9B88F}.Ad-Hoc|iPhoneSimulator.ActiveCfg = Ad-Hoc|iPhoneSimulator
		{84C3AAEE-7D89-4F84-B897-D42DF2A9B88F}.Ad-Hoc|iPhoneSimulator.Build.0 = Ad-Hoc|iPhoneSimulator
		{84C3AAEE-7D89-4F84-B897-D42DF2A9B88F}.AppStore|Any CPU.ActiveCfg = AppStore|iPhoneSimulator
		{84C3AAEE-7D89-4F84-B897-D42DF2A9B88F}.AppStore|Any CPU.Build.0 = AppStore|iPhoneSimulator
		{84C3AAEE-7D89-4F84-B897-D42DF2A9B88F}.AppStore|iPhone.ActiveCfg = AppStore|iPhone
		{84C3AAEE-7D89-4F84-B897-D42DF2A9B88F}.AppStore|iPhone.Build.0 = AppStore|iPhone
		{84C3AAEE-7D89-4F84-B897-D42DF2A9B88F}.AppStore|iPhoneSimulator.ActiveCfg = AppStore|iPhoneSimulator
		{84C3AAEE-7D89-4F84-B897-D42DF2A9B88F}.AppStore|iPhoneSimulator.Build.0 = AppStore|iPhoneSimulator
		{84C3AAEE-7D89-4F84-B897-D42DF2A9B88F}.Debug|Any CPU.ActiveCfg = Debug|iPhoneSimulator
		{84C3AAEE-7D89-4F84-B897-D42DF2A9B88F}.Debug|Any CPU.Build.0 = Debug|iPhoneSimulator
		{84C3AAEE-7D89-4F84-B897-D42DF2A9B88F}.Debug|iPhone.ActiveCfg = Debug|iPhone
		{84C3AAEE-7D89-4F84-B897-D42DF2A9B88F}.Debug|iPhone.Build.0 = Debug|iPhone
		{84C3AAEE-7D89-4F84-B897-D42DF2A9B88F}.Debug|iPhoneSimulator.ActiveCfg = Debug|iPhoneSimulator
		{84C3AAEE-7D89-4F84-B897-D42DF2A9B88F}.Debug|iPhoneSimulator.Build.0 = Debug|iPhoneSimulator
		{84C3AAEE-7D89-4F84-B897-D42DF2A9B88F}.Release|Any CPU.ActiveCfg = Release|iPhoneSimulator
		{84C3AAEE-7D89-4F84-B897-D42DF2A9B88F}.Release|Any CPU.Build.0 = Release|iPhoneSimulator
		{84C3AAEE-7D89-4F84-B897-D42DF2A9B88F}.Release|iPhone.ActiveCfg = Release|iPhone
		{84C3AAEE-7D89-4F84-B897-D42DF2A9B88F}.Release|iPhone.Build.0 = Release|iPhone
		{84C3AAEE-7D89-4F84-B897-D42DF2A9B88F}.Release|iPhoneSimulator.ActiveCfg = Release|iPhoneSimulator
		{84C3AAEE-7D89-4F84-B897-D42DF2A9B88F}.Release|iPhoneSimulator.Build.0 = Release|iPhoneSimulator
	EndGlobalSection
	GlobalSection(SolutionProperties) = preSolution
		HideSolutionNode = FALSE
	EndGlobalSection
	GlobalSection(ExtensibilityGlobals) = postSolution
		SolutionGuid = {A404B883-0918-43B8-A7B4-606A171985B5}
	EndGlobalSection
EndGlobal
